// !$*UTF8*$!
{
	archiveVersion = 1;
	classes = {
	};
	objectVersion = 46;
	objects = {

/* Begin PBXBuildFile section */
		749CDC0A1D18866F000BF7F2 /* AppDelegate.swift in Sources */ = {isa = PBXBuildFile; fileRef = 749CDC091D18866F000BF7F2 /* AppDelegate.swift */; };
		749CDC0C1D18866F000BF7F2 /* ViewController.swift in Sources */ = {isa = PBXBuildFile; fileRef = 749CDC0B1D18866F000BF7F2 /* ViewController.swift */; };
		749CDC0F1D18866F000BF7F2 /* Main.storyboard in Resources */ = {isa = PBXBuildFile; fileRef = 749CDC0D1D18866F000BF7F2 /* Main.storyboard */; };
		749CDC111D18866F000BF7F2 /* Assets.xcassets in Resources */ = {isa = PBXBuildFile; fileRef = 749CDC101D18866F000BF7F2 /* Assets.xcassets */; };
		749CDC141D18866F000BF7F2 /* LaunchScreen.storyboard in Resources */ = {isa = PBXBuildFile; fileRef = 749CDC121D18866F000BF7F2 /* LaunchScreen.storyboard */; };
/* End PBXBuildFile section */

/* Begin PBXFileReference section */
		749CDC061D18866F000BF7F2 /* InstantGramz.app */ = {isa = PBXFileReference; explicitFileType = wrapper.application; includeInIndex = 0; path = InstantGramz.app; sourceTree = BUILT_PRODUCTS_DIR; };
		749CDC091D18866F000BF7F2 /* AppDelegate.swift */ = {isa = PBXFileReference; lastKnownFileType = sourcecode.swift; path = AppDelegate.swift; sourceTree = "<group>"; };
		749CDC0B1D18866F000BF7F2 /* ViewController.swift */ = {isa = PBXFileReference; lastKnownFileType = sourcecode.swift; path = ViewController.swift; sourceTree = "<group>"; };
		749CDC0E1D18866F000BF7F2 /* Base */ = {isa = PBXFileReference; lastKnownFileType = file.storyboard; name = Base; path = Base.lproj/Main.storyboard; sourceTree = "<group>"; };
		749CDC101D18866F000BF7F2 /* Assets.xcassets */ = {isa = PBXFileReference; lastKnownFileType = folder.assetcatalog; path = Assets.xcassets; sourceTree = "<group>"; };
		749CDC131D18866F000BF7F2 /* Base */ = {isa = PBXFileReference; lastKnownFileType = file.storyboard; name = Base; path = Base.lproj/LaunchScreen.storyboard; sourceTree = "<group>"; };
		749CDC151D18866F000BF7F2 /* Info.plist */ = {isa = PBXFileReference; lastKnownFileType = text.plist.xml; path = Info.plist; sourceTree = "<group>"; };
/* End PBXFileReference section */

/* Begin PBXFrameworksBuildPhase section */
		749CDC031D18866F000BF7F2 /* Frameworks */ = {
			isa = PBXFrameworksBuildPhase;
			buildActionMask = 2147483647;
			files = (
			);
			runOnlyForDeploymentPostprocessing = 0;
		};
/* End PBXFrameworksBuildPhase section */

/* Begin PBXGroup section */
		749CDBFD1D18866F000BF7F2 = {
			isa = PBXGroup;
			children = (
				749CDC081D18866F000BF7F2 /* InstantGramz */,
				749CDC071D18866F000BF7F2 /* Products */,
			);
			sourceTree = "<group>";
		};
		749CDC071D18866F000BF7F2 /* Products */ = {
			isa = PBXGroup;
			children = (
				749CDC061D18866F000BF7F2 /* InstantGramz.app */,
			);
			name = Products;
			sourceTree = "<group>";
		};
		749CDC081D18866F000BF7F2 /* InstantGramz */ = {
			isa = PBXGroup;
			children = (
				749CDC091D18866F000BF7F2 /* AppDelegate.swift */,
				749CDC0B1D18866F000BF7F2 /* ViewController.swift */,
				749CDC0D1D18866F000BF7F2 /* Main.storyboard */,
				749CDC101D18866F000BF7F2 /* Assets.xcassets */,
				749CDC121D18866F000BF7F2 /* LaunchScreen.storyboard */,
				749CDC151D18866F000BF7F2 /* Info.plist */,
			);
			path = InstantGramz;
			sourceTree = "<group>";
		};
/* End PBXGroup section */

/* Begin PBXNativeTarget section */
		749CDC051D18866F000BF7F2 /* InstantGramz */ = {
			isa = PBXNativeTarget;
			buildConfigurationList = 749CDC181D18866F000BF7F2 /* Build configuration list for PBXNativeTarget "InstantGramz" */;
			buildPhases = (
				749CDC021D18866F000BF7F2 /* Sources */,
				749CDC031D18866F000BF7F2 /* Frameworks */,
				749CDC041D18866F000BF7F2 /* Resources */,
			);
			buildRules = (
			);
			dependencies = (
			);
			name = InstantGramz;
			productName = InstantGramz;
			productReference = 749CDC061D18866F000BF7F2 /* InstantGramz.app */;
			productType = "com.apple.product-type.application";
		};
/* End PBXNativeTarget section */

/* Begin PBXProject section */
		749CDBFE1D18866F000BF7F2 /* Project object */ = {
			isa = PBXProject;
			attributes = {
				LastSwiftUpdateCheck = 0730;
				LastUpgradeCheck = 0730;
				ORGANIZATIONNAME = "Olivia Gregory";
				TargetAttributes = {
					749CDC051D18866F000BF7F2 = {
						CreatedOnToolsVersion = 7.3.1;
					};
				};
			};
			buildConfigurationList = 749CDC011D18866F000BF7F2 /* Build configuration list for PBXProject "InstantGramz" */;
			compatibilityVersion = "Xcode 3.2";
			developmentRegion = English;
			hasScannedForEncodings = 0;
			knownRegions = (
				en,
				Base,
			);
			mainGroup = 749CDBFD1D18866F000BF7F2;
			productRefGroup = 749CDC071D18866F000BF7F2 /* Products */;
			projectDirPath = "";
			projectRoot = "";
			targets = (
				749CDC051D18866F000BF7F2 /* InstantGramz */,
			);
		};
/* End PBXProject section */

/* Begin PBXResourcesBuildPhase section */
		749CDC041D18866F000BF7F2 /* Resources */ = {
			isa = PBXResourcesBuildPhase;
			buildActionMask = 2147483647;
			files = (
				749CDC141D18866F000BF7F2 /* LaunchScreen.storyboard in Resources */,
				749CDC111D18866F000BF7F2 /* Assets.xcassets in Resources */,
				749CDC0F1D18866F000BF7F2 /* Main.storyboard in Resources */,
			);
			runOnlyForDeploymentPostprocessing = 0;
		};
/* End PBXResourcesBuildPhase section */

/* Begin PBXSourcesBuildPhase section */
		749CDC021D18866F000BF7F2 /* Sources */ = {
			isa = PBXSourcesBuildPhase;
			buildActionMask = 2147483647;
			files = (
				749CDC0C1D18866F000BF7F2 /* ViewController.swift in Sources */,
				749CDC0A1D18866F000BF7F2 /* AppDelegate.swift in Sources */,
			);
			runOnlyForDeploymentPostprocessing = 0;
		};
/* End PBXSourcesBuildPhase section */

/* Begin PBXVariantGroup section */
		749CDC0D1D18866F000BF7F2 /* Main.storyboard */ = {
			isa = PBXVariantGroup;
			children = (
				749CDC0E1D18866F000BF7F2 /* Base */,
			);
			name = Main.storyboard;
			sourceTree = "<group>";
		};
		749CDC121D18866F000BF7F2 /* LaunchScreen.storyboard */ = {
			isa = PBXVariantGroup;
			children = (
				749CDC131D18866F000BF7F2 /* Base */,
			);
			name = LaunchScreen.storyboard;
			sourceTree = "<group>";
		};
/* End PBXVariantGroup section */

/* Begin XCBuildConfiguration section */
		749CDC161D18866F000BF7F2 /* Debug */ = {
			isa = XCBuildConfiguration;
			buildSettings = {
				ALWAYS_SEARCH_USER_PATHS = NO;
				CLANG_ANALYZER_NONNULL = YES;
				CLANG_CXX_LANGUAGE_STANDARD = "gnu++0x";
				CLANG_CXX_LIBRARY = "libc++";
				CLANG_ENABLE_MODULES = YES;
				CLANG_ENABLE_OBJC_ARC = YES;
				CLANG_WARN_BOOL_CONVERSION = YES;
				CLANG_WARN_CONSTANT_CONVERSION = YES;
				CLANG_WARN_DIRECT_OBJC_ISA_USAGE = YES_ERROR;
				CLANG_WARN_EMPTY_BODY = YES;
				CLANG_WARN_ENUM_CONVERSION = YES;
				CLANG_WARN_INT_CONVERSION = YES;
				CLANG_WARN_OBJC_ROOT_CLASS = YES_ERROR;
				CLANG_WARN_UNREACHABLE_CODE = YES;
				CLANG_WARN__DUPLICATE_METHOD_MATCH = YES;
				"CODE_SIGN_IDENTITY[sdk=iphoneos*]" = "iPhone Developer";
				COPY_PHASE_STRIP = NO;
				DEBUG_INFORMATION_FORMAT = dwarf;
				ENABLE_STRICT_OBJC_MSGSEND = YES;
				ENABLE_TESTABILITY = YES;
				GCC_C_LANGUAGE_STANDARD = gnu99;
				GCC_DYNAMIC_NO_PIC = NO;
				GCC_NO_COMMON_BLOCKS = YES;
				GCC_OPTIMIZATION_LEVEL = 0;
				GCC_PREPROCESSOR_DEFINITIONS = (
					"DEBUG=1",
					"$(inherited)",
				);
				GCC_WARN_64_TO_32_BIT_CONVERSION = YES;
				GCC_WARN_ABOUT_RETURN_TYPE = YES_ERROR;
				GCC_WARN_UNDECLARED_SELECTOR = YES;
				GCC_WARN_UNINITIALIZED_AUTOS = YES_AGGRESSIVE;
				GCC_WARN_UNUSED_FUNCTION = YES;
				GCC_WARN_UNUSED_VARIABLE = YES;
				IPHONEOS_DEPLOYMENT_TARGET = 9.3;
				MTL_ENABLE_DEBUG_INFO = YES;
				ONLY_ACTIVE_ARCH = YES;
				SDKROOT = iphoneos;
				SWIFT_OPTIMIZATION_LEVEL = "-Onone";
			};
			name = Debug;
		};
		749CDC171D18866F000BF7F2 /* Release */ = {
			isa = XCBuildConfiguration;
			buildSettings = {
				ALWAYS_SEARCH_USER_PATHS = NO;
				CLANG_ANALYZER_NONNULL = YES;
				CLANG_CXX_LANGUAGE_STANDARD = "gnu++0x";
				CLANG_CXX_LIBRARY = "libc++";
				CLANG_ENABLE_MODULES = YES;
				CLANG_ENABLE_OBJC_ARC = YES;
				CLANG_WARN_BOOL_CONVERSION = YES;
				CLANG_WARN_CONSTANT_CONVERSION = YES;
				CLANG_WARN_DIRECT_OBJC_ISA_USAGE = YES_ERROR;
				CLANG_WARN_EMPTY_BODY = YES;
				CLANG_WARN_ENUM_CONVERSION = YES;
				CLANG_WARN_INT_CONVERSION = YES;
				CLANG_WARN_OBJC_ROOT_CLASS = YES_ERROR;
				CLANG_WARN_UNREACHABLE_CODE = YES;
				CLANG_WARN__DUPLICATE_METHOD_MATCH = YES;
				"CODE_SIGN_IDENTITY[sdk=iphoneos*]" = "iPhone Developer";
				COPY_PHASE_STRIP = NO;
				DEBUG_INFORMATION_FORMAT = "dwarf-with-dsym";
				ENABLE_NS_ASSERTIONS = NO;
				ENABLE_STRICT_OBJC_MSGSEND = YES;
				GCC_C_LANGUAGE_STANDARD = gnu99;
				GCC_NO_COMMON_BLOCKS = YES;
				GCC_WARN_64_TO_32_BIT_CONVERSION = YES;
				GCC_WARN_ABOUT_RETURN_TYPE = YES_ERROR;
				GCC_WARN_UNDECLARED_SELECTOR = YES;
				GCC_WARN_UNINITIALIZED_AUTOS = YES_AGGRESSIVE;
				GCC_WARN_UNUSED_FUNCTION = YES;
				GCC_WARN_UNUSED_VARIABLE = YES;
				IPHONEOS_DEPLOYMENT_TARGET = 9.3;
				MTL_ENABLE_DEBUG_INFO = NO;
				SDKROOT = iphoneos;
				VALIDATE_PRODUCT = YES;
			};
			name = Release;
		};
		749CDC191D18866F000BF7F2 /* Debug */ = {
			isa = XCBuildConfiguration;
			buildSettings = {
				ASSETCATALOG_COMPILER_APPICON_NAME = AppIcon;
				INFOPLIST_FILE = InstantGramz/Info.plist;
				LD_RUNPATH_SEARCH_PATHS = "$(inherited) @executable_path/Frameworks";
				PRODUCT_BUNDLE_IDENTIFIER = com.fbu.InstantGramz;
				PRODUCT_NAME = "$(TARGET_NAME)";
			};
			name = Debug;
		};
		749CDC1A1D18866F000BF7F2 /* Release */ = {
			isa = XCBuildConfiguration;
			buildSettings = {
				ASSETCATALOG_COMPILER_APPICON_NAME = AppIcon;
				INFOPLIST_FILE = InstantGramz/Info.plist;
				LD_RUNPATH_SEARCH_PATHS = "$(inherited) @executable_path/Frameworks";
				PRODUCT_BUNDLE_IDENTIFIER = com.fbu.InstantGramz;
				PRODUCT_NAME = "$(TARGET_NAME)";
			};
			name = Release;
		};
/* End XCBuildConfiguration section */

/* Begin XCConfigurationList section */
		749CDC011D18866F000BF7F2 /* Build configuration list for PBXProject "InstantGramz" */ = {
			isa = XCConfigurationList;
			buildConfigurations = (
				749CDC161D18866F000BF7F2 /* Debug */,
				749CDC171D18866F000BF7F2 /* Release */,
			);
			defaultConfigurationIsVisible = 0;
			defaultConfigurationName = Release;
		};
		749CDC181D18866F000BF7F2 /* Build configuration list for PBXNativeTarget "InstantGramz" */ = {
			isa = XCConfigurationList;
			buildConfigurations = (
				749CDC191D18866F000BF7F2 /* Debug */,
				749CDC1A1D18866F000BF7F2 /* Release */,
			);
			defaultConfigurationIsVisible = 0;
		};
/* End XCConfigurationList section */
	};
	rootObject = 749CDBFE1D18866F000BF7F2 /* Project object */;
}
